
Microsoft Visual Studio Solution File, Format Version 12.00
# Visual Studio 15
VisualStudioVersion = 15.0.28010.2019
MinimumVisualStudioVersion = 10.0.40219.1
Project("{FAE04EC0-301F-11D3-BF4B-00C04F79EFBC}") = "ProjectOneTeam5", "ProjectOneTeam5\ProjectOneTeam5.csproj", "{D033FAA1-3686-44A3-B778-08524AAD42DD}"
EndProject
Global
	GlobalSection(SolutionConfigurationPlatforms) = preSolution
		Debug|Any CPU = Debug|Any CPU
		Release|Any CPU = Release|Any CPU
	EndGlobalSection
	GlobalSection(ProjectConfigurationPlatforms) = postSolution
		{D033FAA1-3686-44A3-B778-08524AAD42DD}.Debug|Any CPU.ActiveCfg = Debug|Any CPU
		{D033FAA1-3686-44A3-B778-08524AAD42DD}.Debug|Any CPU.Build.0 = Debug|Any CPU
		{D033FAA1-3686-44A3-B778-08524AAD42DD}.Release|Any CPU.ActiveCfg = Release|Any CPU
		{D033FAA1-3686-44A3-B778-08524AAD42DD}.Release|Any CPU.Build.0 = Release|Any CPU
	EndGlobalSection
	GlobalSection(SolutionProperties) = preSolution
		HideSolutionNode = FALSE
	EndGlobalSection
	GlobalSection(ExtensibilityGlobals) = postSolution
		SolutionGuid = {E0C70043-D133-45B4-A771-C178D72B70F9}
	EndGlobalSection
EndGlobal
